
Microsoft Visual Studio Solution File, Format Version 12.00
# Visual Studio Version 17
VisualStudioVersion = 17.11.35303.130
MinimumVisualStudioVersion = 10.0.40219.1
Project("{FAE04EC0-301F-11D3-BF4B-00C04F79EFBC}") = "ThuvienMvc", "ThuvienMvc.csproj", "{112DC2E2-E591-4236-9D62-D66425CA5EBD}"
EndProject
Global
	GlobalSection(SolutionConfigurationPlatforms) = preSolution
		Debug|Any CPU = Debug|Any CPU
		Release|Any CPU = Release|Any CPU
	EndGlobalSection
	GlobalSection(ProjectConfigurationPlatforms) = postSolution
		{112DC2E2-E591-4236-9D62-D66425CA5EBD}.Debug|Any CPU.ActiveCfg = Debug|Any CPU
		{112DC2E2-E591-4236-9D62-D66425CA5EBD}.Debug|Any CPU.Build.0 = Debug|Any CPU
		{112DC2E2-E591-4236-9D62-D66425CA5EBD}.Release|Any CPU.ActiveCfg = Release|Any CPU
		{112DC2E2-E591-4236-9D62-D66425CA5EBD}.Release|Any CPU.Build.0 = Release|Any CPU
	EndGlobalSection
	GlobalSection(SolutionProperties) = preSolution
		HideSolutionNode = FALSE
	EndGlobalSection
	GlobalSection(ExtensibilityGlobals) = postSolution
		SolutionGuid = {EC3CE33C-8105-434D-903D-9FB5364BFE21}
	EndGlobalSection
EndGlobal
